
Microsoft Visual Studio Solution File, Format Version 12.00
# Visual Studio Version 17
VisualStudioVersion = 17.13.35931.197 d17.13
MinimumVisualStudioVersion = 10.0.40219.1
Project("{FAE04EC0-301F-11D3-BF4B-00C04F79EFBC}") = "BTL_dotNET", "BTL_dotNET\BTL_dotNET.csproj", "{F674CF94-B729-442F-86C8-F9E10F07896F}"
EndProject
Global
	GlobalSection(SolutionConfigurationPlatforms) = preSolution
		Debug|Any CPU = Debug|Any CPU
		Release|Any CPU = Release|Any CPU
	EndGlobalSection
	GlobalSection(ProjectConfigurationPlatforms) = postSolution
		{F674CF94-B729-442F-86C8-F9E10F07896F}.Debug|Any CPU.ActiveCfg = Debug|Any CPU
		{F674CF94-B729-442F-86C8-F9E10F07896F}.Debug|Any CPU.Build.0 = Debug|Any CPU
		{F674CF94-B729-442F-86C8-F9E10F07896F}.Release|Any CPU.ActiveCfg = Release|Any CPU
		{F674CF94-B729-442F-86C8-F9E10F07896F}.Release|Any CPU.Build.0 = Release|Any CPU
	EndGlobalSection
	GlobalSection(SolutionProperties) = preSolution
		HideSolutionNode = FALSE
	EndGlobalSection
	GlobalSection(ExtensibilityGlobals) = postSolution
		SolutionGuid = {281B6415-1D33-412E-8944-D4A062516055}
	EndGlobalSection
EndGlobal
